
Microsoft Visual Studio Solution File, Format Version 12.00
# Visual Studio Version 16
VisualStudioVersion = 16.0.31025.194
MinimumVisualStudioVersion = 10.0.40219.1
Project("{888888A0-9F3D-457C-B088-3A5042F75D52}") = "Python Solution", "Python Solution\Python Solution.pyproj", "{54D0317D-C346-44E3-AA04-7C30204EC14E}"
EndProject
Global
	GlobalSection(SolutionConfigurationPlatforms) = preSolution
		Debug|Any CPU = Debug|Any CPU
		Release|Any CPU = Release|Any CPU
	EndGlobalSection
	GlobalSection(ProjectConfigurationPlatforms) = postSolution
		{54D0317D-C346-44E3-AA04-7C30204EC14E}.Debug|Any CPU.ActiveCfg = Debug|Any CPU
		{54D0317D-C346-44E3-AA04-7C30204EC14E}.Release|Any CPU.ActiveCfg = Release|Any CPU
	EndGlobalSection
	GlobalSection(SolutionProperties) = preSolution
		HideSolutionNode = FALSE
	EndGlobalSection
	GlobalSection(ExtensibilityGlobals) = postSolution
		SolutionGuid = {872B779A-2B56-4CFD-A0A0-88A517DD4DA4}
	EndGlobalSection
EndGlobal
